
Microsoft Visual Studio Solution File, Format Version 12.00
# Visual Studio 15
VisualStudioVersion = 15.0.28010.2046
MinimumVisualStudioVersion = 10.0.40219.1
Project("{FAE04EC0-301F-11D3-BF4B-00C04F79EFBC}") = "LabNumberThreeVersion2", "LabNumberThreeVersion2\LabNumberThreeVersion2.csproj", "{AA796A77-4867-476B-863A-F7D577BB260F}"
EndProject
Global
	GlobalSection(SolutionConfigurationPlatforms) = preSolution
		Debug|Any CPU = Debug|Any CPU
		Release|Any CPU = Release|Any CPU
	EndGlobalSection
	GlobalSection(ProjectConfigurationPlatforms) = postSolution
		{AA796A77-4867-476B-863A-F7D577BB260F}.Debug|Any CPU.ActiveCfg = Debug|Any CPU
		{AA796A77-4867-476B-863A-F7D577BB260F}.Debug|Any CPU.Build.0 = Debug|Any CPU
		{AA796A77-4867-476B-863A-F7D577BB260F}.Release|Any CPU.ActiveCfg = Release|Any CPU
		{AA796A77-4867-476B-863A-F7D577BB260F}.Release|Any CPU.Build.0 = Release|Any CPU
	EndGlobalSection
	GlobalSection(SolutionProperties) = preSolution
		HideSolutionNode = FALSE
	EndGlobalSection
	GlobalSection(ExtensibilityGlobals) = postSolution
		SolutionGuid = {A54E3C1C-DBFB-4447-89FB-980927CD456F}
	EndGlobalSection
EndGlobal
