
Microsoft Visual Studio Solution File, Format Version 12.00
# Visual Studio 15
VisualStudioVersion = 15.0.28010.2046
MinimumVisualStudioVersion = 10.0.40219.1
Project("{FAE04EC0-301F-11D3-BF4B-00C04F79EFBC}") = "LabNumberThree", "LabNumberThree\LabNumberThree.csproj", "{BEBA21C1-1268-475E-9728-CEF6D62F22EF}"
EndProject
Global
	GlobalSection(SolutionConfigurationPlatforms) = preSolution
		Debug|Any CPU = Debug|Any CPU
		Release|Any CPU = Release|Any CPU
	EndGlobalSection
	GlobalSection(ProjectConfigurationPlatforms) = postSolution
		{BEBA21C1-1268-475E-9728-CEF6D62F22EF}.Debug|Any CPU.ActiveCfg = Debug|Any CPU
		{BEBA21C1-1268-475E-9728-CEF6D62F22EF}.Debug|Any CPU.Build.0 = Debug|Any CPU
		{BEBA21C1-1268-475E-9728-CEF6D62F22EF}.Release|Any CPU.ActiveCfg = Release|Any CPU
		{BEBA21C1-1268-475E-9728-CEF6D62F22EF}.Release|Any CPU.Build.0 = Release|Any CPU
	EndGlobalSection
	GlobalSection(SolutionProperties) = preSolution
		HideSolutionNode = FALSE
	EndGlobalSection
	GlobalSection(ExtensibilityGlobals) = postSolution
		SolutionGuid = {EE8F63A3-D638-465D-B962-578803C24CB9}
	EndGlobalSection
EndGlobal
